# This file is automatically @generated by Cargo.
# It is not intended for manual editing.
version = 4

[[package]]
name = "alexandria"
version = "0.3.0"
source = "git+https://github.com/shipsimfan/alexandria#5ddfe8d7af7a884e05c41bafd8cebe06ee0babc6"
dependencies = [
 "data-format",
 "linux",
 "time",
 "vulkan",
 "wayland",
 "win32",
]

[[package]]
name = "argparse"
version = "4.0.2"
source = "git+https://github.com/shipsimfan/lib-argparse#fb50575c0d8bcc8cccd785788456f002a88ec45e"
dependencies = [
 "macros 4.0.2",
]

[[package]]
name = "colosseum"
version = "0.2.2"
dependencies = [
 "alexandria",
 "argparse",
 "colosseum-build",
 "colosseum-macros",
 "data-format",
 "json",
 "time",
]

[[package]]
name = "colosseum-build"
version = "0.2.2"
dependencies = [
 "alexandria",
 "time",
]

[[package]]
name = "colosseum-macros"
version = "0.2.2"
dependencies = [
 "proc-macro-util",
]

[[package]]
name = "data-format"
version = "1.1.1"
source = "git+https://github.com/shipsimfan/lib-data-format#527fccd4e2f6fbc039824314478230b1346c8b43"
dependencies = [
 "macros 1.1.1",
]

[[package]]
name = "json"
version = "2.1.1"
source = "git+https://github.com/shipsimfan/lib-json#74b6991eb90a2bb0c24354e7dd3f87c37b27a5bd"
dependencies = [
 "data-format",
 "lct-streams",
]

[[package]]
name = "lct-span"
version = "1.1.0"
source = "git+https://github.com/shipsimfan/lct#6c0151efc7dad9f6aeb411968d0a0bc46f0d2e73"

[[package]]
name = "lct-streams"
version = "1.1.0"
source = "git+https://github.com/shipsimfan/lct#6c0151efc7dad9f6aeb411968d0a0bc46f0d2e73"
dependencies = [
 "lct-span",
]

[[package]]
name = "linux"
version = "1.0.0"
source = "git+https://github.com/shipsimfan/lib-linux#9febb23824004e1cd5f45088e7c474cccb1bac5c"

[[package]]
name = "macros"
version = "1.1.1"
source = "git+https://github.com/shipsimfan/lib-data-format#527fccd4e2f6fbc039824314478230b1346c8b43"
dependencies = [
 "proc-macro-util",
]

[[package]]
name = "macros"
version = "4.0.2"
source = "git+https://github.com/shipsimfan/lib-argparse#fb50575c0d8bcc8cccd785788456f002a88ec45e"
dependencies = [
 "proc-macro-util",
]

[[package]]
name = "proc-macro-util"
version = "0.1.0"
source = "git+https://github.com/shipsimfan/lib-proc-macro-util#c1a5999df72a7ed1e3f390e77ebdaa970977bf05"
dependencies = [
 "proc-macro-util-base",
 "proc-macro-util-macros",
]

[[package]]
name = "proc-macro-util-base"
version = "0.1.0"
source = "git+https://github.com/shipsimfan/lib-proc-macro-util#c1a5999df72a7ed1e3f390e77ebdaa970977bf05"

[[package]]
name = "proc-macro-util-macros"
version = "0.1.0"
source = "git+https://github.com/shipsimfan/lib-proc-macro-util#c1a5999df72a7ed1e3f390e77ebdaa970977bf05"
dependencies = [
 "proc-macro-util-base",
]

[[package]]
name = "time"
version = "0.0.0"
source = "git+https://github.com/shipsimfan/lib-time#f3ff0d1007a9a3e385a549e1c038e4c62ac06304"
dependencies = [
 "linux",
 "win32",
]

[[package]]
name = "vulkan"
version = "0.1.0"
source = "git+https://github.com/shipsimfan/lib-vulkan#dab1b246ca15e45010dc45226a3d0f10c0edfc0d"
dependencies = [
 "wayland",
 "win32",
]

[[package]]
name = "wayland"
version = "1.2.0"
source = "git+https://github.com/shipsimfan/lib-wayland#87810cc436c19911355b1808090ba4003e979397"
dependencies = [
 "linux",
]

[[package]]
name = "win32"
version = "0.1.0"
source = "git+https://github.com/shipsimfan/lib-win32#380593b381b659a55901a788edb151e070f3e029"
