# This file is automatically @generated by Cargo.
# It is not intended for manual editing.
version = 3

[[package]]
name = "alexandria"
version = "2.0.0"
dependencies = [
 "util",
 "vk",
]

[[package]]
name = "base"
version = "0.1.0"
source = "git+https://github.com/shipsimfan/lib-proc-macro-util#466265c30de3e57aa0365bac5e4de4e54bee56c3"

[[package]]
name = "colosseum"
version = "0.1.0"
dependencies = [
 "alexandria",
 "data-format",
 "json",
]

[[package]]
name = "data-format"
version = "0.1.0"
source = "git+https://github.com/shipsimfan/lib-data-format#59e318bbd37044f30687e885f6744fb8282772d5"
dependencies = [
 "macros 0.1.0 (git+https://github.com/shipsimfan/lib-data-format)",
]

[[package]]
name = "json"
version = "2.0.0"
source = "git+https://github.com/shipsimfan/lib-json?branch=lib-data-format#4aed75e9a9eb67251691aa3009cadbf9d2198ee9"
dependencies = [
 "data-format",
]

[[package]]
name = "macros"
version = "0.1.0"
source = "git+https://github.com/shipsimfan/lib-data-format#59e318bbd37044f30687e885f6744fb8282772d5"
dependencies = [
 "proc-macro-util",
]

[[package]]
name = "macros"
version = "0.1.0"
source = "git+https://github.com/shipsimfan/lib-proc-macro-util#466265c30de3e57aa0365bac5e4de4e54bee56c3"
dependencies = [
 "base",
]

[[package]]
name = "proc-macro-util"
version = "0.1.0"
source = "git+https://github.com/shipsimfan/lib-proc-macro-util#466265c30de3e57aa0365bac5e4de4e54bee56c3"
dependencies = [
 "base",
 "macros 0.1.0 (git+https://github.com/shipsimfan/lib-proc-macro-util)",
]

[[package]]
name = "util"
version = "2.0.0"

[[package]]
name = "vk"
version = "2.0.0"
dependencies = [
 "util",
 "vulkan",
 "win32",
]

[[package]]
name = "vulkan"
version = "0.1.0"
source = "git+https://github.com/shipsimfan/lib-vulkan#d71a5f1f0f8936da9f1ba8e5b3086a91b4096cc9"

[[package]]
name = "win32"
version = "0.1.0"
source = "git+https://github.com/shipsimfan/lib-win32#b221784ae97fc8b0303858baf293592c7c050f19"
