# This file is automatically @generated by Cargo.
# It is not intended for manual editing.
version = 4

[[package]]
name = "argparse"
version = "4.0.1"
source = "git+https://github.com/shipsimfan/lib-argparse#84252dd64f5e271bfb28316900b256a0f036c01d"
dependencies = [
 "macros 4.0.1",
]

[[package]]
name = "colosseum"
version = "0.2.1"
dependencies = [
 "argparse",
 "colosseum-build",
 "colosseum-macros",
 "data-format",
 "json",
 "time",
 "win32",
]

[[package]]
name = "colosseum-build"
version = "0.2.1"
dependencies = [
 "time",
]

[[package]]
name = "colosseum-macros"
version = "0.2.1"
dependencies = [
 "proc-macro-util",
 "win32",
]

[[package]]
name = "data-format"
version = "0.1.0"
source = "git+https://github.com/shipsimfan/lib-data-format#ef7e588b8b437f1b93668400e562862c1c2daa41"
dependencies = [
 "macros 0.1.0",
]

[[package]]
name = "json"
version = "2.0.0"
source = "git+https://github.com/shipsimfan/lib-json#fd6bad765f37879268534bd3b5e17ce019b877d9"
dependencies = [
 "data-format",
 "lct-streams",
]

[[package]]
name = "lct-span"
version = "0.1.0"
source = "git+https://github.com/shipsimfan/lct#b72291ec567494b78f3c547718cd1618df9fb2f2"

[[package]]
name = "lct-streams"
version = "0.1.0"
source = "git+https://github.com/shipsimfan/lct#b72291ec567494b78f3c547718cd1618df9fb2f2"
dependencies = [
 "lct-span",
]

[[package]]
name = "linux"
version = "0.1.0"
source = "git+https://github.com/shipsimfan/lib-linux#fccf9da25c69656db616adc5e2f4126c2f35ef95"

[[package]]
name = "macros"
version = "0.1.0"
source = "git+https://github.com/shipsimfan/lib-data-format#ef7e588b8b437f1b93668400e562862c1c2daa41"
dependencies = [
 "proc-macro-util",
]

[[package]]
name = "macros"
version = "4.0.1"
source = "git+https://github.com/shipsimfan/lib-argparse#84252dd64f5e271bfb28316900b256a0f036c01d"
dependencies = [
 "proc-macro-util",
]

[[package]]
name = "proc-macro-util"
version = "0.1.0"
source = "git+https://github.com/shipsimfan/lib-proc-macro-util#c1a5999df72a7ed1e3f390e77ebdaa970977bf05"
dependencies = [
 "proc-macro-util-base",
 "proc-macro-util-macros",
]

[[package]]
name = "proc-macro-util-base"
version = "0.1.0"
source = "git+https://github.com/shipsimfan/lib-proc-macro-util#c1a5999df72a7ed1e3f390e77ebdaa970977bf05"

[[package]]
name = "proc-macro-util-macros"
version = "0.1.0"
source = "git+https://github.com/shipsimfan/lib-proc-macro-util#c1a5999df72a7ed1e3f390e77ebdaa970977bf05"
dependencies = [
 "proc-macro-util-base",
]

[[package]]
name = "time"
version = "0.0.0"
source = "git+https://github.com/shipsimfan/lib-time#f3ff0d1007a9a3e385a549e1c038e4c62ac06304"
dependencies = [
 "linux",
 "win32",
]

[[package]]
name = "win32"
version = "0.1.0"
source = "git+https://github.com/shipsimfan/lib-win32#6113a8c718e9862478f9d20f6746912b1476a91d"
